
Microsoft Visual Studio Solution File, Format Version 12.00
# Visual Studio Version 17
VisualStudioVersion = 17.0.31903.59
MinimumVisualStudioVersion = 10.0.40219.1
Project("{FAE04EC0-301F-11D3-BF4B-00C04F79EFBC}") = "monstra", "monstra\monstra.csproj", "{2CDAC89E-8CC0-4228-B8F9-C1AD5AD7B4F1}"
EndProject
Global
	GlobalSection(SolutionConfigurationPlatforms) = preSolution
		Debug|Any CPU = Debug|Any CPU
		Release|Any CPU = Release|Any CPU
	EndGlobalSection
	GlobalSection(ProjectConfigurationPlatforms) = postSolution
		{2CDAC89E-8CC0-4228-B8F9-C1AD5AD7B4F1}.Debug|Any CPU.ActiveCfg = Debug|Any CPU
		{2CDAC89E-8CC0-4228-B8F9-C1AD5AD7B4F1}.Debug|Any CPU.Build.0 = Debug|Any CPU
		{2CDAC89E-8CC0-4228-B8F9-C1AD5AD7B4F1}.Release|Any CPU.ActiveCfg = Release|Any CPU
		{2CDAC89E-8CC0-4228-B8F9-C1AD5AD7B4F1}.Release|Any CPU.Build.0 = Release|Any CPU
	EndGlobalSection
	GlobalSection(SolutionProperties) = preSolution
		HideSolutionNode = FALSE
	EndGlobalSection
	GlobalSection(ExtensibilityGlobals) = postSolution
		SolutionGuid = {A296809A-1064-4E04-97F6-A931A5BDC6DB}
	EndGlobalSection
EndGlobal
