
Microsoft Visual Studio Solution File, Format Version 12.00
# Visual Studio Version 17
VisualStudioVersion = 17.0.31903.59
MinimumVisualStudioVersion = 10.0.40219.1
Project("{FAE04EC0-301F-11D3-BF4B-00C04F79EFBC}") = "dowhile, součet, prumet atd", "dowhile, součet, prumet atd\dowhile, součet, prumet atd.csproj", "{C45818CB-0F67-45F8-B842-DFF11BF75249}"
EndProject
Global
	GlobalSection(SolutionConfigurationPlatforms) = preSolution
		Debug|Any CPU = Debug|Any CPU
		Release|Any CPU = Release|Any CPU
	EndGlobalSection
	GlobalSection(ProjectConfigurationPlatforms) = postSolution
		{C45818CB-0F67-45F8-B842-DFF11BF75249}.Debug|Any CPU.ActiveCfg = Debug|Any CPU
		{C45818CB-0F67-45F8-B842-DFF11BF75249}.Debug|Any CPU.Build.0 = Debug|Any CPU
		{C45818CB-0F67-45F8-B842-DFF11BF75249}.Release|Any CPU.ActiveCfg = Release|Any CPU
		{C45818CB-0F67-45F8-B842-DFF11BF75249}.Release|Any CPU.Build.0 = Release|Any CPU
	EndGlobalSection
	GlobalSection(SolutionProperties) = preSolution
		HideSolutionNode = FALSE
	EndGlobalSection
	GlobalSection(ExtensibilityGlobals) = postSolution
		SolutionGuid = {A5AB3E70-41F7-48A6-A6CE-E716BC68B22D}
	EndGlobalSection
EndGlobal
