
Microsoft Visual Studio Solution File, Format Version 12.00
# Visual Studio Version 17
VisualStudioVersion = 17.0.31903.59
MinimumVisualStudioVersion = 10.0.40219.1
Project("{FAE04EC0-301F-11D3-BF4B-00C04F79EFBC}") = "skok do vysky", "skok do vysky\skok do vysky.csproj", "{AA2D766F-451D-4737-853B-845C3AEC291D}"
EndProject
Global
	GlobalSection(SolutionConfigurationPlatforms) = preSolution
		Debug|Any CPU = Debug|Any CPU
		Release|Any CPU = Release|Any CPU
	EndGlobalSection
	GlobalSection(ProjectConfigurationPlatforms) = postSolution
		{AA2D766F-451D-4737-853B-845C3AEC291D}.Debug|Any CPU.ActiveCfg = Debug|Any CPU
		{AA2D766F-451D-4737-853B-845C3AEC291D}.Debug|Any CPU.Build.0 = Debug|Any CPU
		{AA2D766F-451D-4737-853B-845C3AEC291D}.Release|Any CPU.ActiveCfg = Release|Any CPU
		{AA2D766F-451D-4737-853B-845C3AEC291D}.Release|Any CPU.Build.0 = Release|Any CPU
	EndGlobalSection
	GlobalSection(SolutionProperties) = preSolution
		HideSolutionNode = FALSE
	EndGlobalSection
	GlobalSection(ExtensibilityGlobals) = postSolution
		SolutionGuid = {35887C52-BBD4-46A4-A78C-D5BEB5CA2C34}
	EndGlobalSection
EndGlobal
