
Microsoft Visual Studio Solution File, Format Version 12.00
# Visual Studio Version 17
VisualStudioVersion = 17.0.31912.275
MinimumVisualStudioVersion = 10.0.40219.1
Project("{FAE04EC0-301F-11D3-BF4B-00C04F79EFBC}") = "zapis a cteni", "zapis a cteni\zapis a cteni.csproj", "{7CC4BBBD-6793-4B01-9E67-FF01611F880C}"
EndProject
Global
	GlobalSection(SolutionConfigurationPlatforms) = preSolution
		Debug|Any CPU = Debug|Any CPU
		Release|Any CPU = Release|Any CPU
	EndGlobalSection
	GlobalSection(ProjectConfigurationPlatforms) = postSolution
		{7CC4BBBD-6793-4B01-9E67-FF01611F880C}.Debug|Any CPU.ActiveCfg = Debug|Any CPU
		{7CC4BBBD-6793-4B01-9E67-FF01611F880C}.Debug|Any CPU.Build.0 = Debug|Any CPU
		{7CC4BBBD-6793-4B01-9E67-FF01611F880C}.Release|Any CPU.ActiveCfg = Release|Any CPU
		{7CC4BBBD-6793-4B01-9E67-FF01611F880C}.Release|Any CPU.Build.0 = Release|Any CPU
	EndGlobalSection
	GlobalSection(SolutionProperties) = preSolution
		HideSolutionNode = FALSE
	EndGlobalSection
	GlobalSection(ExtensibilityGlobals) = postSolution
		SolutionGuid = {81313C40-628C-46D9-9D35-D76979CB0447}
	EndGlobalSection
EndGlobal
