
Microsoft Visual Studio Solution File, Format Version 12.00
# Visual Studio Version 17
VisualStudioVersion = 17.0.31903.59
MinimumVisualStudioVersion = 10.0.40219.1
Project("{FAE04EC0-301F-11D3-BF4B-00C04F79EFBC}") = "prestupny rok vol.2", "prestupny rok vol.2\prestupny rok vol.2.csproj", "{A5ECCE9A-5A3A-4D21-B4EC-49D369FF0CEE}"
EndProject
Global
	GlobalSection(SolutionConfigurationPlatforms) = preSolution
		Debug|Any CPU = Debug|Any CPU
		Release|Any CPU = Release|Any CPU
	EndGlobalSection
	GlobalSection(ProjectConfigurationPlatforms) = postSolution
		{A5ECCE9A-5A3A-4D21-B4EC-49D369FF0CEE}.Debug|Any CPU.ActiveCfg = Debug|Any CPU
		{A5ECCE9A-5A3A-4D21-B4EC-49D369FF0CEE}.Debug|Any CPU.Build.0 = Debug|Any CPU
		{A5ECCE9A-5A3A-4D21-B4EC-49D369FF0CEE}.Release|Any CPU.ActiveCfg = Release|Any CPU
		{A5ECCE9A-5A3A-4D21-B4EC-49D369FF0CEE}.Release|Any CPU.Build.0 = Release|Any CPU
	EndGlobalSection
	GlobalSection(SolutionProperties) = preSolution
		HideSolutionNode = FALSE
	EndGlobalSection
	GlobalSection(ExtensibilityGlobals) = postSolution
		SolutionGuid = {ABFB0C44-C114-401B-A253-3F004341047C}
	EndGlobalSection
EndGlobal
