
Microsoft Visual Studio Solution File, Format Version 12.00
# Visual Studio Version 17
VisualStudioVersion = 17.11.35327.3
MinimumVisualStudioVersion = 10.0.40219.1
Project("{FAE04EC0-301F-11D3-BF4B-00C04F79EFBC}") = "winforms4 moneyapp", "winforms4 moneyapp\winforms4 moneyapp.csproj", "{0CBCC3CB-0B69-4C33-9003-67D1C1B2CFA2}"
EndProject
Global
	GlobalSection(SolutionConfigurationPlatforms) = preSolution
		Debug|Any CPU = Debug|Any CPU
		Release|Any CPU = Release|Any CPU
	EndGlobalSection
	GlobalSection(ProjectConfigurationPlatforms) = postSolution
		{0CBCC3CB-0B69-4C33-9003-67D1C1B2CFA2}.Debug|Any CPU.ActiveCfg = Debug|Any CPU
		{0CBCC3CB-0B69-4C33-9003-67D1C1B2CFA2}.Debug|Any CPU.Build.0 = Debug|Any CPU
		{0CBCC3CB-0B69-4C33-9003-67D1C1B2CFA2}.Release|Any CPU.ActiveCfg = Release|Any CPU
		{0CBCC3CB-0B69-4C33-9003-67D1C1B2CFA2}.Release|Any CPU.Build.0 = Release|Any CPU
	EndGlobalSection
	GlobalSection(SolutionProperties) = preSolution
		HideSolutionNode = FALSE
	EndGlobalSection
	GlobalSection(ExtensibilityGlobals) = postSolution
		SolutionGuid = {C8AAFE3E-4C56-4044-A15C-6DC9E1874E65}
	EndGlobalSection
EndGlobal
