
Microsoft Visual Studio Solution File, Format Version 12.00
# Visual Studio Version 17
VisualStudioVersion = 17.0.31903.59
MinimumVisualStudioVersion = 10.0.40219.1
Project("{FAE04EC0-301F-11D3-BF4B-00C04F79EFBC}") = "sčítání polí", "sčítání polí\sčítání polí.csproj", "{9D149E64-9C40-41D1-A4D8-634F13819AC8}"
EndProject
Global
	GlobalSection(SolutionConfigurationPlatforms) = preSolution
		Debug|Any CPU = Debug|Any CPU
		Release|Any CPU = Release|Any CPU
	EndGlobalSection
	GlobalSection(ProjectConfigurationPlatforms) = postSolution
		{9D149E64-9C40-41D1-A4D8-634F13819AC8}.Debug|Any CPU.ActiveCfg = Debug|Any CPU
		{9D149E64-9C40-41D1-A4D8-634F13819AC8}.Debug|Any CPU.Build.0 = Debug|Any CPU
		{9D149E64-9C40-41D1-A4D8-634F13819AC8}.Release|Any CPU.ActiveCfg = Release|Any CPU
		{9D149E64-9C40-41D1-A4D8-634F13819AC8}.Release|Any CPU.Build.0 = Release|Any CPU
	EndGlobalSection
	GlobalSection(SolutionProperties) = preSolution
		HideSolutionNode = FALSE
	EndGlobalSection
	GlobalSection(ExtensibilityGlobals) = postSolution
		SolutionGuid = {772B192D-4597-440F-9EFD-092E7191A905}
	EndGlobalSection
EndGlobal
