
Microsoft Visual Studio Solution File, Format Version 12.00
# Visual Studio Version 17
VisualStudioVersion = 17.0.31912.275
MinimumVisualStudioVersion = 10.0.40219.1
Project("{FAE04EC0-301F-11D3-BF4B-00C04F79EFBC}") = "vicerozmerne pole 3", "vicerozmerne pole 3\vicerozmerne pole 3.csproj", "{AD17B5BF-FA20-43E0-B70F-FDC2DD78EE01}"
EndProject
Global
	GlobalSection(SolutionConfigurationPlatforms) = preSolution
		Debug|Any CPU = Debug|Any CPU
		Release|Any CPU = Release|Any CPU
	EndGlobalSection
	GlobalSection(ProjectConfigurationPlatforms) = postSolution
		{AD17B5BF-FA20-43E0-B70F-FDC2DD78EE01}.Debug|Any CPU.ActiveCfg = Debug|Any CPU
		{AD17B5BF-FA20-43E0-B70F-FDC2DD78EE01}.Debug|Any CPU.Build.0 = Debug|Any CPU
		{AD17B5BF-FA20-43E0-B70F-FDC2DD78EE01}.Release|Any CPU.ActiveCfg = Release|Any CPU
		{AD17B5BF-FA20-43E0-B70F-FDC2DD78EE01}.Release|Any CPU.Build.0 = Release|Any CPU
	EndGlobalSection
	GlobalSection(SolutionProperties) = preSolution
		HideSolutionNode = FALSE
	EndGlobalSection
	GlobalSection(ExtensibilityGlobals) = postSolution
		SolutionGuid = {205F0AEE-F579-4E1E-A37A-9DA81FD5E9CC}
	EndGlobalSection
EndGlobal
