
Microsoft Visual Studio Solution File, Format Version 12.00
# Visual Studio Version 17
VisualStudioVersion = 17.0.31903.59
MinimumVisualStudioVersion = 10.0.40219.1
Project("{FAE04EC0-301F-11D3-BF4B-00C04F79EFBC}") = "převodník římských čísel", "převodník římských čísel\převodník římských čísel.csproj", "{42F4E36B-0C82-4371-A521-D0FE5618D826}"
EndProject
Global
	GlobalSection(SolutionConfigurationPlatforms) = preSolution
		Debug|Any CPU = Debug|Any CPU
		Release|Any CPU = Release|Any CPU
	EndGlobalSection
	GlobalSection(ProjectConfigurationPlatforms) = postSolution
		{42F4E36B-0C82-4371-A521-D0FE5618D826}.Debug|Any CPU.ActiveCfg = Debug|Any CPU
		{42F4E36B-0C82-4371-A521-D0FE5618D826}.Debug|Any CPU.Build.0 = Debug|Any CPU
		{42F4E36B-0C82-4371-A521-D0FE5618D826}.Release|Any CPU.ActiveCfg = Release|Any CPU
		{42F4E36B-0C82-4371-A521-D0FE5618D826}.Release|Any CPU.Build.0 = Release|Any CPU
	EndGlobalSection
	GlobalSection(SolutionProperties) = preSolution
		HideSolutionNode = FALSE
	EndGlobalSection
	GlobalSection(ExtensibilityGlobals) = postSolution
		SolutionGuid = {6E666A54-06B9-4510-A7D5-CE8734900FE4}
	EndGlobalSection
EndGlobal
