
Microsoft Visual Studio Solution File, Format Version 12.00
# Visual Studio Version 17
VisualStudioVersion = 17.0.31912.275
MinimumVisualStudioVersion = 10.0.40219.1
Project("{FAE04EC0-301F-11D3-BF4B-00C04F79EFBC}") = "List", "List\List.csproj", "{45747E88-3CDB-480D-929E-51FBAB1370E3}"
EndProject
Global
	GlobalSection(SolutionConfigurationPlatforms) = preSolution
		Debug|Any CPU = Debug|Any CPU
		Release|Any CPU = Release|Any CPU
	EndGlobalSection
	GlobalSection(ProjectConfigurationPlatforms) = postSolution
		{45747E88-3CDB-480D-929E-51FBAB1370E3}.Debug|Any CPU.ActiveCfg = Debug|Any CPU
		{45747E88-3CDB-480D-929E-51FBAB1370E3}.Debug|Any CPU.Build.0 = Debug|Any CPU
		{45747E88-3CDB-480D-929E-51FBAB1370E3}.Release|Any CPU.ActiveCfg = Release|Any CPU
		{45747E88-3CDB-480D-929E-51FBAB1370E3}.Release|Any CPU.Build.0 = Release|Any CPU
	EndGlobalSection
	GlobalSection(SolutionProperties) = preSolution
		HideSolutionNode = FALSE
	EndGlobalSection
	GlobalSection(ExtensibilityGlobals) = postSolution
		SolutionGuid = {4C6C441B-137C-4CC8-940C-32B3CAB2E9EE}
	EndGlobalSection
EndGlobal
